// !$*UTF8*$!
{
	archiveVersion = 1;
	classes = {
	};
	objectVersion = 56;
	objects = {

/* Begin PBXBuildFile section */
		14B8BEDE9D15CCA97923EEB7 /* Pods_PurrFinderTests.framework in Frameworks */ = {isa = PBXBuildFile; fileRef = F7BC800BA92D8502EB760EEA /* Pods_PurrFinderTests.framework */; };
		5460B51BFFC5BD4B0073CC1D /* Pods_PurrFinder.framework in Frameworks */ = {isa = PBXBuildFile; fileRef = 6C89BA7C41723516D434C0CE /* Pods_PurrFinder.framework */; };
		906E48FB95523ED004AD8EE0 /* Pods_PurrFinder_PurrFinderUITests.framework in Frameworks */ = {isa = PBXBuildFile; fileRef = FF5218D5C6DE1213B37BCB19 /* Pods_PurrFinder_PurrFinderUITests.framework */; };
		E41B483B29A3D6F200341687 /* ImagePicker.swift in Sources */ = {isa = PBXBuildFile; fileRef = E41B483A29A3D6F200341687 /* ImagePicker.swift */; };
		E41F01AA29A6617E00CCD79C /* UserSettingsView.swift in Sources */ = {isa = PBXBuildFile; fileRef = E41F01A929A6617E00CCD79C /* UserSettingsView.swift */; };
		E41F01AD29A6671B00CCD79C /* UserSettingsViewModel.swift in Sources */ = {isa = PBXBuildFile; fileRef = E41F01AC29A6671B00CCD79C /* UserSettingsViewModel.swift */; };
		E41F01B029A67BD800CCD79C /* PetFormView.swift in Sources */ = {isa = PBXBuildFile; fileRef = E41F01AF29A67BD800CCD79C /* PetFormView.swift */; };
		E41F01B329A67E9100CCD79C /* PertFormViewModel.swift in Sources */ = {isa = PBXBuildFile; fileRef = E41F01B229A67E9000CCD79C /* PertFormViewModel.swift */; };
		E4326FB429A52DE600A1592A /* LocationViewModel.swift in Sources */ = {isa = PBXBuildFile; fileRef = E4326FB329A52DE600A1592A /* LocationViewModel.swift */; };
		E4C3F83D2992BA6D0016B665 /* UserProfileView.swift in Sources */ = {isa = PBXBuildFile; fileRef = E4C3F83C2992BA6D0016B665 /* UserProfileView.swift */; };
		E4CA4855299401EF00CEEA3E /* ImagePickerBefore.swift in Sources */ = {isa = PBXBuildFile; fileRef = E4CA4854299401EF00CEEA3E /* ImagePickerBefore.swift */; };
		E4CA485B299403F900CEEA3E /* Picker.swift in Sources */ = {isa = PBXBuildFile; fileRef = E4CA485A299403F900CEEA3E /* Picker.swift */; };
		E4CA485D2994044500CEEA3E /* ImagePickerViewController.swift in Sources */ = {isa = PBXBuildFile; fileRef = E4CA485C2994044500CEEA3E /* ImagePickerViewController.swift */; };
		E4DE139529A3D2EE0007EDD4 /* StorageService.swift in Sources */ = {isa = PBXBuildFile; fileRef = E4DE139429A3D2EE0007EDD4 /* StorageService.swift */; };
		E4DF01D4299183D8004E1CC6 /* PurrFinderApp.swift in Sources */ = {isa = PBXBuildFile; fileRef = E4DF01D3299183D8004E1CC6 /* PurrFinderApp.swift */; };
		E4DF01D8299183D9004E1CC6 /* Assets.xcassets in Resources */ = {isa = PBXBuildFile; fileRef = E4DF01D7299183D9004E1CC6 /* Assets.xcassets */; };
		E4DF01DB299183D9004E1CC6 /* Preview Assets.xcassets in Resources */ = {isa = PBXBuildFile; fileRef = E4DF01DA299183D9004E1CC6 /* Preview Assets.xcassets */; };
		E4DF01E5299183DA004E1CC6 /* PurrFinderTests.swift in Sources */ = {isa = PBXBuildFile; fileRef = E4DF01E4299183DA004E1CC6 /* PurrFinderTests.swift */; };
		E4DF01EF299183DA004E1CC6 /* PurrFinderUITests.swift in Sources */ = {isa = PBXBuildFile; fileRef = E4DF01EE299183DA004E1CC6 /* PurrFinderUITests.swift */; };
		E4DF01F1299183DA004E1CC6 /* PurrFinderUITestsLaunchTests.swift in Sources */ = {isa = PBXBuildFile; fileRef = E4DF01F0299183DA004E1CC6 /* PurrFinderUITestsLaunchTests.swift */; };
		E4DF01FE299186AE004E1CC6 /* GoogleService-Info.plist in Resources */ = {isa = PBXBuildFile; fileRef = E4DF01FD299186AE004E1CC6 /* GoogleService-Info.plist */; };
		E4DF02042991876E004E1CC6 /* FirebaseAuthService.swift in Sources */ = {isa = PBXBuildFile; fileRef = E4DF02032991876E004E1CC6 /* FirebaseAuthService.swift */; };
		E4DF0206299187BC004E1CC6 /* FirebaseAuthServiceError.swift in Sources */ = {isa = PBXBuildFile; fileRef = E4DF0205299187BC004E1CC6 /* FirebaseAuthServiceError.swift */; };
		E4DF02092991882A004E1CC6 /* UserProfileViewModel.swift in Sources */ = {isa = PBXBuildFile; fileRef = E4DF02082991882A004E1CC6 /* UserProfileViewModel.swift */; };
		E4DF020C299188A4004E1CC6 /* HomeViewModel.swift in Sources */ = {isa = PBXBuildFile; fileRef = E4DF020B299188A4004E1CC6 /* HomeViewModel.swift */; };
		E4DF020E299188B4004E1CC6 /* LoginViewModel.swift in Sources */ = {isa = PBXBuildFile; fileRef = E4DF020D299188B4004E1CC6 /* LoginViewModel.swift */; };
		E4DF0210299188C4004E1CC6 /* SignUpViewModel.swift in Sources */ = {isa = PBXBuildFile; fileRef = E4DF020F299188C4004E1CC6 /* SignUpViewModel.swift */; };
		E4DF0212299188E2004E1CC6 /* AuthenticationErrorViewModel.swift in Sources */ = {isa = PBXBuildFile; fileRef = E4DF0211299188E2004E1CC6 /* AuthenticationErrorViewModel.swift */; };
		E4DF021429918931004E1CC6 /* ContentView.swift in Sources */ = {isa = PBXBuildFile; fileRef = E4DF021329918931004E1CC6 /* ContentView.swift */; };
		E4DF02162991893C004E1CC6 /* HomeView.swift in Sources */ = {isa = PBXBuildFile; fileRef = E4DF02152991893C004E1CC6 /* HomeView.swift */; };
		E4DF02182991894B004E1CC6 /* AlertPageView.swift in Sources */ = {isa = PBXBuildFile; fileRef = E4DF02172991894B004E1CC6 /* AlertPageView.swift */; };
		E4DF021A29918954004E1CC6 /* LoginView.swift in Sources */ = {isa = PBXBuildFile; fileRef = E4DF021929918954004E1CC6 /* LoginView.swift */; };
		E4DF021C2991895F004E1CC6 /* SignUpView.swift in Sources */ = {isa = PBXBuildFile; fileRef = E4DF021B2991895F004E1CC6 /* SignUpView.swift */; };
		E4DF021E29918969004E1CC6 /* AuthenticationErrorView.swift in Sources */ = {isa = PBXBuildFile; fileRef = E4DF021D29918969004E1CC6 /* AuthenticationErrorView.swift */; };
		E4DF023029919601004E1CC6 /* AmaticSC-Bold.ttf in Resources */ = {isa = PBXBuildFile; fileRef = E4DF022D29919601004E1CC6 /* AmaticSC-Bold.ttf */; };
		E4DF023129919601004E1CC6 /* AmaticSC-Bold.ttf in Resources */ = {isa = PBXBuildFile; fileRef = E4DF022D29919601004E1CC6 /* AmaticSC-Bold.ttf */; };
		E4DF023229919601004E1CC6 /* AmaticSC-Bold.ttf in Resources */ = {isa = PBXBuildFile; fileRef = E4DF022D29919601004E1CC6 /* AmaticSC-Bold.ttf */; };
		E4DF023329919601004E1CC6 /* OFL.txt in Resources */ = {isa = PBXBuildFile; fileRef = E4DF022E29919601004E1CC6 /* OFL.txt */; };
		E4DF023429919601004E1CC6 /* OFL.txt in Resources */ = {isa = PBXBuildFile; fileRef = E4DF022E29919601004E1CC6 /* OFL.txt */; };
		E4DF023529919601004E1CC6 /* OFL.txt in Resources */ = {isa = PBXBuildFile; fileRef = E4DF022E29919601004E1CC6 /* OFL.txt */; };
		E4DF023629919601004E1CC6 /* AmaticSC-Regular.ttf in Resources */ = {isa = PBXBuildFile; fileRef = E4DF022F29919601004E1CC6 /* AmaticSC-Regular.ttf */; };
		E4DF023729919601004E1CC6 /* AmaticSC-Regular.ttf in Resources */ = {isa = PBXBuildFile; fileRef = E4DF022F29919601004E1CC6 /* AmaticSC-Regular.ttf */; };
		E4DF023829919601004E1CC6 /* AmaticSC-Regular.ttf in Resources */ = {isa = PBXBuildFile; fileRef = E4DF022F29919601004E1CC6 /* AmaticSC-Regular.ttf */; };
		E4DF023C29919BF4004E1CC6 /* Animal.swift in Sources */ = {isa = PBXBuildFile; fileRef = E4DF023B29919BF4004E1CC6 /* Animal.swift */; };
		E4DF023D29919BF4004E1CC6 /* Animal.swift in Sources */ = {isa = PBXBuildFile; fileRef = E4DF023B29919BF4004E1CC6 /* Animal.swift */; };
		E4DF023E29919BF4004E1CC6 /* Animal.swift in Sources */ = {isa = PBXBuildFile; fileRef = E4DF023B29919BF4004E1CC6 /* Animal.swift */; };
		E4DF024029919C1E004E1CC6 /* User.swift in Sources */ = {isa = PBXBuildFile; fileRef = E4DF023F29919C1E004E1CC6 /* User.swift */; };
		E4DF024129919C1E004E1CC6 /* User.swift in Sources */ = {isa = PBXBuildFile; fileRef = E4DF023F29919C1E004E1CC6 /* User.swift */; };
		E4DF024229919C1E004E1CC6 /* User.swift in Sources */ = {isa = PBXBuildFile; fileRef = E4DF023F29919C1E004E1CC6 /* User.swift */; };
		E4DF024429919C31004E1CC6 /* Notification.swift in Sources */ = {isa = PBXBuildFile; fileRef = E4DF024329919C31004E1CC6 /* Notification.swift */; };
		E4DF024529919C31004E1CC6 /* Notification.swift in Sources */ = {isa = PBXBuildFile; fileRef = E4DF024329919C31004E1CC6 /* Notification.swift */; };
		E4DF024629919C31004E1CC6 /* Notification.swift in Sources */ = {isa = PBXBuildFile; fileRef = E4DF024329919C31004E1CC6 /* Notification.swift */; };
		E4DF024829925F49004E1CC6 /* PostAlert.swift in Sources */ = {isa = PBXBuildFile; fileRef = E4DF024729925F49004E1CC6 /* PostAlert.swift */; };
		E4DF024C29926247004E1CC6 /* LocationService.swift in Sources */ = {isa = PBXBuildFile; fileRef = E4DF024B29926247004E1CC6 /* LocationService.swift */; };
		E4DF024E2992691A004E1CC6 /* FirestoreService.swift in Sources */ = {isa = PBXBuildFile; fileRef = E4DF024D2992691A004E1CC6 /* FirestoreService.swift */; };
		E4DF0253299294F1004E1CC6 /* ChatHelpView.swift in Sources */ = {isa = PBXBuildFile; fileRef = E4DF0252299294F1004E1CC6 /* ChatHelpView.swift */; };
		E4DF02552992985A004E1CC6 /* NavigationTabView.swift in Sources */ = {isa = PBXBuildFile; fileRef = E4DF02542992985A004E1CC6 /* NavigationTabView.swift */; };
		E4E66456299E68F0002F5A79 /* DocumentReference+Extension.swift in Sources */ = {isa = PBXBuildFile; fileRef = E4E66455299E68F0002F5A79 /* DocumentReference+Extension.swift */; };
		E4E66458299E691B002F5A79 /* FirestoreServiceError.swift in Sources */ = {isa = PBXBuildFile; fileRef = E4E66457299E691B002F5A79 /* FirestoreServiceError.swift */; };
		E4E6645A299E69E0002F5A79 /* User+Extention.swift in Sources */ = {isa = PBXBuildFile; fileRef = E4E66459299E69E0002F5A79 /* User+Extention.swift */; };
		E4E6645C299E6A34002F5A79 /* PostAlertDTO.swift in Sources */ = {isa = PBXBuildFile; fileRef = E4E6645B299E6A34002F5A79 /* PostAlertDTO.swift */; };
		E4E6645E299E6AFD002F5A79 /* UserDTO.swift in Sources */ = {isa = PBXBuildFile; fileRef = E4E6645D299E6AFD002F5A79 /* UserDTO.swift */; };
/* End PBXBuildFile section */

/* Begin PBXContainerItemProxy section */
		E4DF01E1299183DA004E1CC6 /* PBXContainerItemProxy */ = {
			isa = PBXContainerItemProxy;
			containerPortal = E4DF01C8299183D8004E1CC6 /* Project object */;
			proxyType = 1;
			remoteGlobalIDString = E4DF01CF299183D8004E1CC6;
			remoteInfo = PurrFinder;
		};
		E4DF01EB299183DA004E1CC6 /* PBXContainerItemProxy */ = {
			isa = PBXContainerItemProxy;
			containerPortal = E4DF01C8299183D8004E1CC6 /* Project object */;
			proxyType = 1;
			remoteGlobalIDString = E4DF01CF299183D8004E1CC6;
			remoteInfo = PurrFinder;
		};
/* End PBXContainerItemProxy section */

/* Begin PBXFileReference section */
		197FC3FB31593D2BD08716CB /* Pods-PurrFinder.release.xcconfig */ = {isa = PBXFileReference; includeInIndex = 1; lastKnownFileType = text.xcconfig; name = "Pods-PurrFinder.release.xcconfig"; path = "Target Support Files/Pods-PurrFinder/Pods-PurrFinder.release.xcconfig"; sourceTree = "<group>"; };
		3793E269FD2CFD9901168436 /* Pods-PurrFinder.debug.xcconfig */ = {isa = PBXFileReference; includeInIndex = 1; lastKnownFileType = text.xcconfig; name = "Pods-PurrFinder.debug.xcconfig"; path = "Target Support Files/Pods-PurrFinder/Pods-PurrFinder.debug.xcconfig"; sourceTree = "<group>"; };
		6C89BA7C41723516D434C0CE /* Pods_PurrFinder.framework */ = {isa = PBXFileReference; explicitFileType = wrapper.framework; includeInIndex = 0; path = Pods_PurrFinder.framework; sourceTree = BUILT_PRODUCTS_DIR; };
		70394FF88E012F307E24185B /* Pods-PurrFinderTests.debug.xcconfig */ = {isa = PBXFileReference; includeInIndex = 1; lastKnownFileType = text.xcconfig; name = "Pods-PurrFinderTests.debug.xcconfig"; path = "Target Support Files/Pods-PurrFinderTests/Pods-PurrFinderTests.debug.xcconfig"; sourceTree = "<group>"; };
		B8BE430F82A33E5AB93306A5 /* Pods-PurrFinder-PurrFinderUITests.release.xcconfig */ = {isa = PBXFileReference; includeInIndex = 1; lastKnownFileType = text.xcconfig; name = "Pods-PurrFinder-PurrFinderUITests.release.xcconfig"; path = "Target Support Files/Pods-PurrFinder-PurrFinderUITests/Pods-PurrFinder-PurrFinderUITests.release.xcconfig"; sourceTree = "<group>"; };
		E41B483A29A3D6F200341687 /* ImagePicker.swift */ = {isa = PBXFileReference; lastKnownFileType = sourcecode.swift; path = ImagePicker.swift; sourceTree = "<group>"; };
		E41F01A929A6617E00CCD79C /* UserSettingsView.swift */ = {isa = PBXFileReference; lastKnownFileType = sourcecode.swift; path = UserSettingsView.swift; sourceTree = "<group>"; };
		E41F01AC29A6671B00CCD79C /* UserSettingsViewModel.swift */ = {isa = PBXFileReference; lastKnownFileType = sourcecode.swift; path = UserSettingsViewModel.swift; sourceTree = "<group>"; };
		E41F01AF29A67BD800CCD79C /* PetFormView.swift */ = {isa = PBXFileReference; lastKnownFileType = sourcecode.swift; path = PetFormView.swift; sourceTree = "<group>"; };
		E41F01B229A67E9000CCD79C /* PertFormViewModel.swift */ = {isa = PBXFileReference; lastKnownFileType = sourcecode.swift; path = PertFormViewModel.swift; sourceTree = "<group>"; };
		E4326FB329A52DE600A1592A /* LocationViewModel.swift */ = {isa = PBXFileReference; lastKnownFileType = sourcecode.swift; path = LocationViewModel.swift; sourceTree = "<group>"; };
		E4C3F83C2992BA6D0016B665 /* UserProfileView.swift */ = {isa = PBXFileReference; lastKnownFileType = sourcecode.swift; path = UserProfileView.swift; sourceTree = "<group>"; };
		E4CA4854299401EF00CEEA3E /* ImagePickerBefore.swift */ = {isa = PBXFileReference; lastKnownFileType = sourcecode.swift; path = ImagePickerBefore.swift; sourceTree = "<group>"; };
		E4CA485A299403F900CEEA3E /* Picker.swift */ = {isa = PBXFileReference; lastKnownFileType = sourcecode.swift; path = Picker.swift; sourceTree = "<group>"; };
		E4CA485C2994044500CEEA3E /* ImagePickerViewController.swift */ = {isa = PBXFileReference; lastKnownFileType = sourcecode.swift; path = ImagePickerViewController.swift; sourceTree = "<group>"; };
		E4DE139429A3D2EE0007EDD4 /* StorageService.swift */ = {isa = PBXFileReference; lastKnownFileType = sourcecode.swift; path = StorageService.swift; sourceTree = "<group>"; };
		E4DF01D0299183D8004E1CC6 /* PurrFinder.app */ = {isa = PBXFileReference; explicitFileType = wrapper.application; includeInIndex = 0; path = PurrFinder.app; sourceTree = BUILT_PRODUCTS_DIR; };
		E4DF01D3299183D8004E1CC6 /* PurrFinderApp.swift */ = {isa = PBXFileReference; lastKnownFileType = sourcecode.swift; path = PurrFinderApp.swift; sourceTree = "<group>"; };
		E4DF01D7299183D9004E1CC6 /* Assets.xcassets */ = {isa = PBXFileReference; lastKnownFileType = folder.assetcatalog; path = Assets.xcassets; sourceTree = "<group>"; };
		E4DF01DA299183D9004E1CC6 /* Preview Assets.xcassets */ = {isa = PBXFileReference; lastKnownFileType = folder.assetcatalog; path = "Preview Assets.xcassets"; sourceTree = "<group>"; };
		E4DF01E0299183DA004E1CC6 /* PurrFinderTests.xctest */ = {isa = PBXFileReference; explicitFileType = wrapper.cfbundle; includeInIndex = 0; path = PurrFinderTests.xctest; sourceTree = BUILT_PRODUCTS_DIR; };
		E4DF01E4299183DA004E1CC6 /* PurrFinderTests.swift */ = {isa = PBXFileReference; lastKnownFileType = sourcecode.swift; path = PurrFinderTests.swift; sourceTree = "<group>"; };
		E4DF01EA299183DA004E1CC6 /* PurrFinderUITests.xctest */ = {isa = PBXFileReference; explicitFileType = wrapper.cfbundle; includeInIndex = 0; path = PurrFinderUITests.xctest; sourceTree = BUILT_PRODUCTS_DIR; };
		E4DF01EE299183DA004E1CC6 /* PurrFinderUITests.swift */ = {isa = PBXFileReference; lastKnownFileType = sourcecode.swift; path = PurrFinderUITests.swift; sourceTree = "<group>"; };
		E4DF01F0299183DA004E1CC6 /* PurrFinderUITestsLaunchTests.swift */ = {isa = PBXFileReference; lastKnownFileType = sourcecode.swift; path = PurrFinderUITestsLaunchTests.swift; sourceTree = "<group>"; };
		E4DF01FD299186AE004E1CC6 /* GoogleService-Info.plist */ = {isa = PBXFileReference; fileEncoding = 4; lastKnownFileType = text.plist.xml; path = "GoogleService-Info.plist"; sourceTree = "<group>"; };
		E4DF02032991876E004E1CC6 /* FirebaseAuthService.swift */ = {isa = PBXFileReference; lastKnownFileType = sourcecode.swift; path = FirebaseAuthService.swift; sourceTree = "<group>"; };
		E4DF0205299187BC004E1CC6 /* FirebaseAuthServiceError.swift */ = {isa = PBXFileReference; lastKnownFileType = sourcecode.swift; path = FirebaseAuthServiceError.swift; sourceTree = "<group>"; };
		E4DF02082991882A004E1CC6 /* UserProfileViewModel.swift */ = {isa = PBXFileReference; lastKnownFileType = sourcecode.swift; path = UserProfileViewModel.swift; sourceTree = "<group>"; };
		E4DF020B299188A4004E1CC6 /* HomeViewModel.swift */ = {isa = PBXFileReference; lastKnownFileType = sourcecode.swift; path = HomeViewModel.swift; sourceTree = "<group>"; };
		E4DF020D299188B4004E1CC6 /* LoginViewModel.swift */ = {isa = PBXFileReference; lastKnownFileType = sourcecode.swift; path = LoginViewModel.swift; sourceTree = "<group>"; };
		E4DF020F299188C4004E1CC6 /* SignUpViewModel.swift */ = {isa = PBXFileReference; lastKnownFileType = sourcecode.swift; path = SignUpViewModel.swift; sourceTree = "<group>"; };
		E4DF0211299188E2004E1CC6 /* AuthenticationErrorViewModel.swift */ = {isa = PBXFileReference; lastKnownFileType = sourcecode.swift; path = AuthenticationErrorViewModel.swift; sourceTree = "<group>"; };
		E4DF021329918931004E1CC6 /* ContentView.swift */ = {isa = PBXFileReference; lastKnownFileType = sourcecode.swift; path = ContentView.swift; sourceTree = "<group>"; };
		E4DF02152991893C004E1CC6 /* HomeView.swift */ = {isa = PBXFileReference; lastKnownFileType = sourcecode.swift; path = HomeView.swift; sourceTree = "<group>"; };
		E4DF02172991894B004E1CC6 /* AlertPageView.swift */ = {isa = PBXFileReference; lastKnownFileType = sourcecode.swift; path = AlertPageView.swift; sourceTree = "<group>"; };
		E4DF021929918954004E1CC6 /* LoginView.swift */ = {isa = PBXFileReference; lastKnownFileType = sourcecode.swift; path = LoginView.swift; sourceTree = "<group>"; };
		E4DF021B2991895F004E1CC6 /* SignUpView.swift */ = {isa = PBXFileReference; lastKnownFileType = sourcecode.swift; path = SignUpView.swift; sourceTree = "<group>"; };
		E4DF021D29918969004E1CC6 /* AuthenticationErrorView.swift */ = {isa = PBXFileReference; lastKnownFileType = sourcecode.swift; path = AuthenticationErrorView.swift; sourceTree = "<group>"; };
		E4DF022D29919601004E1CC6 /* AmaticSC-Bold.ttf */ = {isa = PBXFileReference; lastKnownFileType = file; path = "AmaticSC-Bold.ttf"; sourceTree = "<group>"; };
		E4DF022E29919601004E1CC6 /* OFL.txt */ = {isa = PBXFileReference; fileEncoding = 4; lastKnownFileType = text; path = OFL.txt; sourceTree = "<group>"; };
		E4DF022F29919601004E1CC6 /* AmaticSC-Regular.ttf */ = {isa = PBXFileReference; lastKnownFileType = file; path = "AmaticSC-Regular.ttf"; sourceTree = "<group>"; };
		E4DF02392991979C004E1CC6 /* Info.plist */ = {isa = PBXFileReference; lastKnownFileType = text.plist; path = Info.plist; sourceTree = "<group>"; };
		E4DF023B29919BF4004E1CC6 /* Animal.swift */ = {isa = PBXFileReference; lastKnownFileType = sourcecode.swift; path = Animal.swift; sourceTree = "<group>"; };
		E4DF023F29919C1E004E1CC6 /* User.swift */ = {isa = PBXFileReference; lastKnownFileType = sourcecode.swift; path = User.swift; sourceTree = "<group>"; };
		E4DF024329919C31004E1CC6 /* Notification.swift */ = {isa = PBXFileReference; lastKnownFileType = sourcecode.swift; path = Notification.swift; sourceTree = "<group>"; };
		E4DF024729925F49004E1CC6 /* PostAlert.swift */ = {isa = PBXFileReference; lastKnownFileType = sourcecode.swift; path = PostAlert.swift; sourceTree = "<group>"; };
		E4DF024B29926247004E1CC6 /* LocationService.swift */ = {isa = PBXFileReference; lastKnownFileType = sourcecode.swift; path = LocationService.swift; sourceTree = "<group>"; };
		E4DF024D2992691A004E1CC6 /* FirestoreService.swift */ = {isa = PBXFileReference; lastKnownFileType = sourcecode.swift; path = FirestoreService.swift; sourceTree = "<group>"; };
		E4DF0252299294F1004E1CC6 /* ChatHelpView.swift */ = {isa = PBXFileReference; lastKnownFileType = sourcecode.swift; path = ChatHelpView.swift; sourceTree = "<group>"; };
		E4DF02542992985A004E1CC6 /* NavigationTabView.swift */ = {isa = PBXFileReference; lastKnownFileType = sourcecode.swift; path = NavigationTabView.swift; sourceTree = "<group>"; };
		E4E66455299E68F0002F5A79 /* DocumentReference+Extension.swift */ = {isa = PBXFileReference; lastKnownFileType = sourcecode.swift; path = "DocumentReference+Extension.swift"; sourceTree = "<group>"; };
		E4E66457299E691B002F5A79 /* FirestoreServiceError.swift */ = {isa = PBXFileReference; lastKnownFileType = sourcecode.swift; path = FirestoreServiceError.swift; sourceTree = "<group>"; };
		E4E66459299E69E0002F5A79 /* User+Extention.swift */ = {isa = PBXFileReference; lastKnownFileType = sourcecode.swift; path = "User+Extention.swift"; sourceTree = "<group>"; };
		E4E6645B299E6A34002F5A79 /* PostAlertDTO.swift */ = {isa = PBXFileReference; lastKnownFileType = sourcecode.swift; path = PostAlertDTO.swift; sourceTree = "<group>"; };
		E4E6645D299E6AFD002F5A79 /* UserDTO.swift */ = {isa = PBXFileReference; lastKnownFileType = sourcecode.swift; path = UserDTO.swift; sourceTree = "<group>"; };
		ED85E18E40A3E48A74270C11 /* Pods-PurrFinder-PurrFinderUITests.debug.xcconfig */ = {isa = PBXFileReference; includeInIndex = 1; lastKnownFileType = text.xcconfig; name = "Pods-PurrFinder-PurrFinderUITests.debug.xcconfig"; path = "Target Support Files/Pods-PurrFinder-PurrFinderUITests/Pods-PurrFinder-PurrFinderUITests.debug.xcconfig"; sourceTree = "<group>"; };
		F7BC800BA92D8502EB760EEA /* Pods_PurrFinderTests.framework */ = {isa = PBXFileReference; explicitFileType = wrapper.framework; includeInIndex = 0; path = Pods_PurrFinderTests.framework; sourceTree = BUILT_PRODUCTS_DIR; };
		FBEAC6C55D88B2FBB92A7504 /* Pods-PurrFinderTests.release.xcconfig */ = {isa = PBXFileReference; includeInIndex = 1; lastKnownFileType = text.xcconfig; name = "Pods-PurrFinderTests.release.xcconfig"; path = "Target Support Files/Pods-PurrFinderTests/Pods-PurrFinderTests.release.xcconfig"; sourceTree = "<group>"; };
		FF5218D5C6DE1213B37BCB19 /* Pods_PurrFinder_PurrFinderUITests.framework */ = {isa = PBXFileReference; explicitFileType = wrapper.framework; includeInIndex = 0; path = Pods_PurrFinder_PurrFinderUITests.framework; sourceTree = BUILT_PRODUCTS_DIR; };
/* End PBXFileReference section */

/* Begin PBXFrameworksBuildPhase section */
		E4DF01CD299183D8004E1CC6 /* Frameworks */ = {
			isa = PBXFrameworksBuildPhase;
			buildActionMask = 2147483647;
			files = (
				5460B51BFFC5BD4B0073CC1D /* Pods_PurrFinder.framework in Frameworks */,
			);
			runOnlyForDeploymentPostprocessing = 0;
		};
		E4DF01DD299183DA004E1CC6 /* Frameworks */ = {
			isa = PBXFrameworksBuildPhase;
			buildActionMask = 2147483647;
			files = (
				14B8BEDE9D15CCA97923EEB7 /* Pods_PurrFinderTests.framework in Frameworks */,
			);
			runOnlyForDeploymentPostprocessing = 0;
		};
		E4DF01E7299183DA004E1CC6 /* Frameworks */ = {
			isa = PBXFrameworksBuildPhase;
			buildActionMask = 2147483647;
			files = (
				906E48FB95523ED004AD8EE0 /* Pods_PurrFinder_PurrFinderUITests.framework in Frameworks */,
			);
			runOnlyForDeploymentPostprocessing = 0;
		};
/* End PBXFrameworksBuildPhase section */

/* Begin PBXGroup section */
		417C8C53C16AE44CBEF5EFFD /* Frameworks */ = {
			isa = PBXGroup;
			children = (
				6C89BA7C41723516D434C0CE /* Pods_PurrFinder.framework */,
				FF5218D5C6DE1213B37BCB19 /* Pods_PurrFinder_PurrFinderUITests.framework */,
				F7BC800BA92D8502EB760EEA /* Pods_PurrFinderTests.framework */,
			);
			name = Frameworks;
			sourceTree = "<group>";
		};
		76F958FD70B17F17AB039892 /* Pods */ = {
			isa = PBXGroup;
			children = (
				3793E269FD2CFD9901168436 /* Pods-PurrFinder.debug.xcconfig */,
				197FC3FB31593D2BD08716CB /* Pods-PurrFinder.release.xcconfig */,
				ED85E18E40A3E48A74270C11 /* Pods-PurrFinder-PurrFinderUITests.debug.xcconfig */,
				B8BE430F82A33E5AB93306A5 /* Pods-PurrFinder-PurrFinderUITests.release.xcconfig */,
				70394FF88E012F307E24185B /* Pods-PurrFinderTests.debug.xcconfig */,
				FBEAC6C55D88B2FBB92A7504 /* Pods-PurrFinderTests.release.xcconfig */,
			);
			path = Pods;
			sourceTree = "<group>";
		};
		E41F01AB29A666FC00CCD79C /* UserSettingsViewModel */ = {
			isa = PBXGroup;
			children = (
				E41F01AC29A6671B00CCD79C /* UserSettingsViewModel.swift */,
			);
			path = UserSettingsViewModel;
			sourceTree = "<group>";
		};
		E41F01AE29A67BB800CCD79C /* AlertView */ = {
			isa = PBXGroup;
			children = (
				E4DF02172991894B004E1CC6 /* AlertPageView.swift */,
				E41F01AF29A67BD800CCD79C /* PetFormView.swift */,
			);
			path = AlertView;
			sourceTree = "<group>";
		};
		E41F01B129A67E6C00CCD79C /* AlertViewModel */ = {
			isa = PBXGroup;
			children = (
				E41F01B229A67E9000CCD79C /* PertFormViewModel.swift */,
			);
			path = AlertViewModel;
			sourceTree = "<group>";
		};
		E4C3F8372992B9EF0016B665 /* UserView */ = {
			isa = PBXGroup;
			children = (
				E4C3F83C2992BA6D0016B665 /* UserProfileView.swift */,
				E41F01A929A6617E00CCD79C /* UserSettingsView.swift */,
			);
			path = UserView;
			sourceTree = "<group>";
		};
		E4CA48592994032800CEEA3E /* UIViewRepresentable */ = {
			isa = PBXGroup;
			children = (
				E4CA485A299403F900CEEA3E /* Picker.swift */,
				E41B483A29A3D6F200341687 /* ImagePicker.swift */,
				E4CA4854299401EF00CEEA3E /* ImagePickerBefore.swift */,
			);
			path = UIViewRepresentable;
			sourceTree = "<group>";
		};
		E4DE139329A3D2D80007EDD4 /* Storage */ = {
			isa = PBXGroup;
			children = (
				E4DE139429A3D2EE0007EDD4 /* StorageService.swift */,
			);
			path = Storage;
			sourceTree = "<group>";
		};
		E4DF01C7299183D8004E1CC6 = {
			isa = PBXGroup;
			children = (
				E4DF01D2299183D8004E1CC6 /* PurrFinder */,
				E4DF01E3299183DA004E1CC6 /* PurrFinderTests */,
				E4DF01ED299183DA004E1CC6 /* PurrFinderUITests */,
				E4DF01D1299183D8004E1CC6 /* Products */,
				76F958FD70B17F17AB039892 /* Pods */,
				417C8C53C16AE44CBEF5EFFD /* Frameworks */,
			);
			sourceTree = "<group>";
		};
		E4DF01D1299183D8004E1CC6 /* Products */ = {
			isa = PBXGroup;
			children = (
				E4DF01D0299183D8004E1CC6 /* PurrFinder.app */,
				E4DF01E0299183DA004E1CC6 /* PurrFinderTests.xctest */,
				E4DF01EA299183DA004E1CC6 /* PurrFinderUITests.xctest */,
			);
			name = Products;
			sourceTree = "<group>";
		};
		E4DF01D2299183D8004E1CC6 /* PurrFinder */ = {
			isa = PBXGroup;
			children = (
				E4DF02392991979C004E1CC6 /* Info.plist */,
				E4DF01FF299186D6004E1CC6 /* View */,
				E4DF0200299186E3004E1CC6 /* ViewModel */,
				E4DF0201299186F0004E1CC6 /* Model */,
				E4E66454299E68CA002F5A79 /* Extensions */,
				E4CA48592994032800CEEA3E /* UIViewRepresentable */,
				E4DF0202299186F8004E1CC6 /* SupportingFiles */,
				E4DF01D9299183D9004E1CC6 /* Preview Content */,
			);
			path = PurrFinder;
			sourceTree = "<group>";
		};
		E4DF01D9299183D9004E1CC6 /* Preview Content */ = {
			isa = PBXGroup;
			children = (
				E4DF01DA299183D9004E1CC6 /* Preview Assets.xcassets */,
			);
			path = "Preview Content";
			sourceTree = "<group>";
		};
		E4DF01E3299183DA004E1CC6 /* PurrFinderTests */ = {
			isa = PBXGroup;
			children = (
				E4DF01E4299183DA004E1CC6 /* PurrFinderTests.swift */,
			);
			path = PurrFinderTests;
			sourceTree = "<group>";
		};
		E4DF01ED299183DA004E1CC6 /* PurrFinderUITests */ = {
			isa = PBXGroup;
			children = (
				E4DF01EE299183DA004E1CC6 /* PurrFinderUITests.swift */,
				E4DF01F0299183DA004E1CC6 /* PurrFinderUITestsLaunchTests.swift */,
			);
			path = PurrFinderUITests;
			sourceTree = "<group>";
		};
		E4DF01FF299186D6004E1CC6 /* View */ = {
			isa = PBXGroup;
			children = (
				E41F01AE29A67BB800CCD79C /* AlertView */,
				E4DF021329918931004E1CC6 /* ContentView.swift */,
				E4DF02542992985A004E1CC6 /* NavigationTabView.swift */,
				E4DF0252299294F1004E1CC6 /* ChatHelpView.swift */,
				E4C3F8372992B9EF0016B665 /* UserView */,
				E4DF02512992946A004E1CC6 /* AuthenticationView */,
			);
			path = View;
			sourceTree = "<group>";
		};
		E4DF0200299186E3004E1CC6 /* ViewModel */ = {
			isa = PBXGroup;
			children = (
				E4CA485C2994044500CEEA3E /* ImagePickerViewController.swift */,
				E41F01B129A67E6C00CCD79C /* AlertViewModel */,
				E4DF020A29918889004E1CC6 /* AuthenticationViewModel */,
				E41F01AB29A666FC00CCD79C /* UserSettingsViewModel */,
				E4DF020729918808004E1CC6 /* UserProfileViewModel */,
				E4326FB329A52DE600A1592A /* LocationViewModel.swift */,
			);
			path = ViewModel;
			sourceTree = "<group>";
		};
		E4DF0201299186F0004E1CC6 /* Model */ = {
			isa = PBXGroup;
			children = (
				E4DE139329A3D2D80007EDD4 /* Storage */,
				E4E6645F299E6CA4002F5A79 /* Firestore */,
				E4DF023A29919BC4004E1CC6 /* Firebase */,
				E4DF023B29919BF4004E1CC6 /* Animal.swift */,
				E4DF023F29919C1E004E1CC6 /* User.swift */,
				E4DF024729925F49004E1CC6 /* PostAlert.swift */,
				E4DF024329919C31004E1CC6 /* Notification.swift */,
				E4DF024B29926247004E1CC6 /* LocationService.swift */,
			);
			path = Model;
			sourceTree = "<group>";
		};
		E4DF0202299186F8004E1CC6 /* SupportingFiles */ = {
			isa = PBXGroup;
			children = (
				E4DF022C299195C3004E1CC6 /* Fonts */,
				E4DF01D7299183D9004E1CC6 /* Assets.xcassets */,
				E4DF01D3299183D8004E1CC6 /* PurrFinderApp.swift */,
				E4DF01FD299186AE004E1CC6 /* GoogleService-Info.plist */,
			);
			path = SupportingFiles;
			sourceTree = "<group>";
		};
		E4DF020729918808004E1CC6 /* UserProfileViewModel */ = {
			isa = PBXGroup;
			children = (
				E4DF02082991882A004E1CC6 /* UserProfileViewModel.swift */,
			);
			path = UserProfileViewModel;
			sourceTree = "<group>";
		};
		E4DF020A29918889004E1CC6 /* AuthenticationViewModel */ = {
			isa = PBXGroup;
			children = (
				E4DF020B299188A4004E1CC6 /* HomeViewModel.swift */,
				E4DF020D299188B4004E1CC6 /* LoginViewModel.swift */,
				E4DF020F299188C4004E1CC6 /* SignUpViewModel.swift */,
				E4DF0211299188E2004E1CC6 /* AuthenticationErrorViewModel.swift */,
			);
			path = AuthenticationViewModel;
			sourceTree = "<group>";
		};
		E4DF022C299195C3004E1CC6 /* Fonts */ = {
			isa = PBXGroup;
			children = (
				E4DF022D29919601004E1CC6 /* AmaticSC-Bold.ttf */,
				E4DF022F29919601004E1CC6 /* AmaticSC-Regular.ttf */,
				E4DF022E29919601004E1CC6 /* OFL.txt */,
			);
			path = Fonts;
			sourceTree = "<group>";
		};
		E4DF023A29919BC4004E1CC6 /* Firebase */ = {
			isa = PBXGroup;
			children = (
				E4DF02032991876E004E1CC6 /* FirebaseAuthService.swift */,
				E4DF0205299187BC004E1CC6 /* FirebaseAuthServiceError.swift */,
			);
			path = Firebase;
			sourceTree = "<group>";
		};
		E4DF02512992946A004E1CC6 /* AuthenticationView */ = {
			isa = PBXGroup;
			children = (
				E4DF021D29918969004E1CC6 /* AuthenticationErrorView.swift */,
				E4DF021B2991895F004E1CC6 /* SignUpView.swift */,
				E4DF021929918954004E1CC6 /* LoginView.swift */,
				E4DF02152991893C004E1CC6 /* HomeView.swift */,
			);
			path = AuthenticationView;
			sourceTree = "<group>";
		};
		E4E66454299E68CA002F5A79 /* Extensions */ = {
			isa = PBXGroup;
			children = (
				E4E66455299E68F0002F5A79 /* DocumentReference+Extension.swift */,
				E4E66459299E69E0002F5A79 /* User+Extention.swift */,
			);
			path = Extensions;
			sourceTree = "<group>";
		};
		E4E6645F299E6CA4002F5A79 /* Firestore */ = {
			isa = PBXGroup;
			children = (
				E4E66460299E6CED002F5A79 /* DTO */,
				E4DF024D2992691A004E1CC6 /* FirestoreService.swift */,
				E4E66457299E691B002F5A79 /* FirestoreServiceError.swift */,
			);
			path = Firestore;
			sourceTree = "<group>";
		};
		E4E66460299E6CED002F5A79 /* DTO */ = {
			isa = PBXGroup;
			children = (
				E4E6645B299E6A34002F5A79 /* PostAlertDTO.swift */,
				E4E6645D299E6AFD002F5A79 /* UserDTO.swift */,
			);
			path = DTO;
			sourceTree = "<group>";
		};
/* End PBXGroup section */

/* Begin PBXNativeTarget section */
		E4DF01CF299183D8004E1CC6 /* PurrFinder */ = {
			isa = PBXNativeTarget;
			buildConfigurationList = E4DF01F4299183DA004E1CC6 /* Build configuration list for PBXNativeTarget "PurrFinder" */;
			buildPhases = (
				0C213B4DE7CC3C878E7B72B8 /* [CP] Check Pods Manifest.lock */,
				E4DF01CC299183D8004E1CC6 /* Sources */,
				E4DF01CD299183D8004E1CC6 /* Frameworks */,
				E4DF01CE299183D8004E1CC6 /* Resources */,
				BE6E7D7915D4FC60DA32B772 /* [CP] Embed Pods Frameworks */,
			);
			buildRules = (
			);
			dependencies = (
			);
			name = PurrFinder;
			productName = PurrFinder;
			productReference = E4DF01D0299183D8004E1CC6 /* PurrFinder.app */;
			productType = "com.apple.product-type.application";
		};
		E4DF01DF299183DA004E1CC6 /* PurrFinderTests */ = {
			isa = PBXNativeTarget;
			buildConfigurationList = E4DF01F7299183DA004E1CC6 /* Build configuration list for PBXNativeTarget "PurrFinderTests" */;
			buildPhases = (
				1BB1E592C18A0B695A5E3073 /* [CP] Check Pods Manifest.lock */,
				E4DF01DC299183DA004E1CC6 /* Sources */,
				E4DF01DD299183DA004E1CC6 /* Frameworks */,
				E4DF01DE299183DA004E1CC6 /* Resources */,
			);
			buildRules = (
			);
			dependencies = (
				E4DF01E2299183DA004E1CC6 /* PBXTargetDependency */,
			);
			name = PurrFinderTests;
			productName = PurrFinderTests;
			productReference = E4DF01E0299183DA004E1CC6 /* PurrFinderTests.xctest */;
			productType = "com.apple.product-type.bundle.unit-test";
		};
		E4DF01E9299183DA004E1CC6 /* PurrFinderUITests */ = {
			isa = PBXNativeTarget;
			buildConfigurationList = E4DF01FA299183DA004E1CC6 /* Build configuration list for PBXNativeTarget "PurrFinderUITests" */;
			buildPhases = (
				9F8D9847D02CD4108E2E5E99 /* [CP] Check Pods Manifest.lock */,
				E4DF01E6299183DA004E1CC6 /* Sources */,
				E4DF01E7299183DA004E1CC6 /* Frameworks */,
				E4DF01E8299183DA004E1CC6 /* Resources */,
				FDBABDAAEDDD24B21591B10C /* [CP] Embed Pods Frameworks */,
			);
			buildRules = (
			);
			dependencies = (
				E4DF01EC299183DA004E1CC6 /* PBXTargetDependency */,
			);
			name = PurrFinderUITests;
			productName = PurrFinderUITests;
			productReference = E4DF01EA299183DA004E1CC6 /* PurrFinderUITests.xctest */;
			productType = "com.apple.product-type.bundle.ui-testing";
		};
/* End PBXNativeTarget section */

/* Begin PBXProject section */
		E4DF01C8299183D8004E1CC6 /* Project object */ = {
			isa = PBXProject;
			attributes = {
				BuildIndependentTargetsInParallel = 1;
				LastSwiftUpdateCheck = 1420;
				LastUpgradeCheck = 1420;
				TargetAttributes = {
					E4DF01CF299183D8004E1CC6 = {
						CreatedOnToolsVersion = 14.2;
					};
					E4DF01DF299183DA004E1CC6 = {
						CreatedOnToolsVersion = 14.2;
						TestTargetID = E4DF01CF299183D8004E1CC6;
					};
					E4DF01E9299183DA004E1CC6 = {
						CreatedOnToolsVersion = 14.2;
						TestTargetID = E4DF01CF299183D8004E1CC6;
					};
				};
			};
			buildConfigurationList = E4DF01CB299183D8004E1CC6 /* Build configuration list for PBXProject "PurrFinder" */;
			compatibilityVersion = "Xcode 14.0";
			developmentRegion = en;
			hasScannedForEncodings = 0;
			knownRegions = (
				en,
				Base,
			);
			mainGroup = E4DF01C7299183D8004E1CC6;
			productRefGroup = E4DF01D1299183D8004E1CC6 /* Products */;
			projectDirPath = "";
			projectRoot = "";
			targets = (
				E4DF01CF299183D8004E1CC6 /* PurrFinder */,
				E4DF01DF299183DA004E1CC6 /* PurrFinderTests */,
				E4DF01E9299183DA004E1CC6 /* PurrFinderUITests */,
			);
		};
/* End PBXProject section */

/* Begin PBXResourcesBuildPhase section */
		E4DF01CE299183D8004E1CC6 /* Resources */ = {
			isa = PBXResourcesBuildPhase;
			buildActionMask = 2147483647;
			files = (
				E4DF023329919601004E1CC6 /* OFL.txt in Resources */,
				E4DF023029919601004E1CC6 /* AmaticSC-Bold.ttf in Resources */,
				E4DF023629919601004E1CC6 /* AmaticSC-Regular.ttf in Resources */,
				E4DF01DB299183D9004E1CC6 /* Preview Assets.xcassets in Resources */,
				E4DF01D8299183D9004E1CC6 /* Assets.xcassets in Resources */,
				E4DF01FE299186AE004E1CC6 /* GoogleService-Info.plist in Resources */,
			);
			runOnlyForDeploymentPostprocessing = 0;
		};
		E4DF01DE299183DA004E1CC6 /* Resources */ = {
			isa = PBXResourcesBuildPhase;
			buildActionMask = 2147483647;
			files = (
				E4DF023429919601004E1CC6 /* OFL.txt in Resources */,
				E4DF023129919601004E1CC6 /* AmaticSC-Bold.ttf in Resources */,
				E4DF023729919601004E1CC6 /* AmaticSC-Regular.ttf in Resources */,
			);
			runOnlyForDeploymentPostprocessing = 0;
		};
		E4DF01E8299183DA004E1CC6 /* Resources */ = {
			isa = PBXResourcesBuildPhase;
			buildActionMask = 2147483647;
			files = (
				E4DF023529919601004E1CC6 /* OFL.txt in Resources */,
				E4DF023229919601004E1CC6 /* AmaticSC-Bold.ttf in Resources */,
				E4DF023829919601004E1CC6 /* AmaticSC-Regular.ttf in Resources */,
			);
			runOnlyForDeploymentPostprocessing = 0;
		};
/* End PBXResourcesBuildPhase section */

/* Begin PBXShellScriptBuildPhase section */
		0C213B4DE7CC3C878E7B72B8 /* [CP] Check Pods Manifest.lock */ = {
			isa = PBXShellScriptBuildPhase;
			buildActionMask = 2147483647;
			files = (
			);
			inputFileListPaths = (
			);
			inputPaths = (
				"${PODS_PODFILE_DIR_PATH}/Podfile.lock",
				"${PODS_ROOT}/Manifest.lock",
			);
			name = "[CP] Check Pods Manifest.lock";
			outputFileListPaths = (
			);
			outputPaths = (
				"$(DERIVED_FILE_DIR)/Pods-PurrFinder-checkManifestLockResult.txt",
			);
			runOnlyForDeploymentPostprocessing = 0;
			shellPath = /bin/sh;
			shellScript = "diff \"${PODS_PODFILE_DIR_PATH}/Podfile.lock\" \"${PODS_ROOT}/Manifest.lock\" > /dev/null\nif [ $? != 0 ] ; then\n    # print error to STDERR\n    echo \"error: The sandbox is not in sync with the Podfile.lock. Run 'pod install' or update your CocoaPods installation.\" >&2\n    exit 1\nfi\n# This output is used by Xcode 'outputs' to avoid re-running this script phase.\necho \"SUCCESS\" > \"${SCRIPT_OUTPUT_FILE_0}\"\n";
			showEnvVarsInLog = 0;
		};
		1BB1E592C18A0B695A5E3073 /* [CP] Check Pods Manifest.lock */ = {
			isa = PBXShellScriptBuildPhase;
			buildActionMask = 2147483647;
			files = (
			);
			inputFileListPaths = (
			);
			inputPaths = (
				"${PODS_PODFILE_DIR_PATH}/Podfile.lock",
				"${PODS_ROOT}/Manifest.lock",
			);
			name = "[CP] Check Pods Manifest.lock";
			outputFileListPaths = (
			);
			outputPaths = (
				"$(DERIVED_FILE_DIR)/Pods-PurrFinderTests-checkManifestLockResult.txt",
			);
			runOnlyForDeploymentPostprocessing = 0;
			shellPath = /bin/sh;
			shellScript = "diff \"${PODS_PODFILE_DIR_PATH}/Podfile.lock\" \"${PODS_ROOT}/Manifest.lock\" > /dev/null\nif [ $? != 0 ] ; then\n    # print error to STDERR\n    echo \"error: The sandbox is not in sync with the Podfile.lock. Run 'pod install' or update your CocoaPods installation.\" >&2\n    exit 1\nfi\n# This output is used by Xcode 'outputs' to avoid re-running this script phase.\necho \"SUCCESS\" > \"${SCRIPT_OUTPUT_FILE_0}\"\n";
			showEnvVarsInLog = 0;
		};
		9F8D9847D02CD4108E2E5E99 /* [CP] Check Pods Manifest.lock */ = {
			isa = PBXShellScriptBuildPhase;
			buildActionMask = 2147483647;
			files = (
			);
			inputFileListPaths = (
			);
			inputPaths = (
				"${PODS_PODFILE_DIR_PATH}/Podfile.lock",
				"${PODS_ROOT}/Manifest.lock",
			);
			name = "[CP] Check Pods Manifest.lock";
			outputFileListPaths = (
			);
			outputPaths = (
				"$(DERIVED_FILE_DIR)/Pods-PurrFinder-PurrFinderUITests-checkManifestLockResult.txt",
			);
			runOnlyForDeploymentPostprocessing = 0;
			shellPath = /bin/sh;
			shellScript = "diff \"${PODS_PODFILE_DIR_PATH}/Podfile.lock\" \"${PODS_ROOT}/Manifest.lock\" > /dev/null\nif [ $? != 0 ] ; then\n    # print error to STDERR\n    echo \"error: The sandbox is not in sync with the Podfile.lock. Run 'pod install' or update your CocoaPods installation.\" >&2\n    exit 1\nfi\n# This output is used by Xcode 'outputs' to avoid re-running this script phase.\necho \"SUCCESS\" > \"${SCRIPT_OUTPUT_FILE_0}\"\n";
			showEnvVarsInLog = 0;
		};
		BE6E7D7915D4FC60DA32B772 /* [CP] Embed Pods Frameworks */ = {
			isa = PBXShellScriptBuildPhase;
			buildActionMask = 2147483647;
			files = (
			);
			inputFileListPaths = (
				"${PODS_ROOT}/Target Support Files/Pods-PurrFinder/Pods-PurrFinder-frameworks-${CONFIGURATION}-input-files.xcfilelist",
			);
			name = "[CP] Embed Pods Frameworks";
			outputFileListPaths = (
				"${PODS_ROOT}/Target Support Files/Pods-PurrFinder/Pods-PurrFinder-frameworks-${CONFIGURATION}-output-files.xcfilelist",
			);
			runOnlyForDeploymentPostprocessing = 0;
			shellPath = /bin/sh;
			shellScript = "\"${PODS_ROOT}/Target Support Files/Pods-PurrFinder/Pods-PurrFinder-frameworks.sh\"\n";
			showEnvVarsInLog = 0;
		};
		FDBABDAAEDDD24B21591B10C /* [CP] Embed Pods Frameworks */ = {
			isa = PBXShellScriptBuildPhase;
			buildActionMask = 2147483647;
			files = (
			);
			inputFileListPaths = (
				"${PODS_ROOT}/Target Support Files/Pods-PurrFinder-PurrFinderUITests/Pods-PurrFinder-PurrFinderUITests-frameworks-${CONFIGURATION}-input-files.xcfilelist",
			);
			name = "[CP] Embed Pods Frameworks";
			outputFileListPaths = (
				"${PODS_ROOT}/Target Support Files/Pods-PurrFinder-PurrFinderUITests/Pods-PurrFinder-PurrFinderUITests-frameworks-${CONFIGURATION}-output-files.xcfilelist",
			);
			runOnlyForDeploymentPostprocessing = 0;
			shellPath = /bin/sh;
			shellScript = "\"${PODS_ROOT}/Target Support Files/Pods-PurrFinder-PurrFinderUITests/Pods-PurrFinder-PurrFinderUITests-frameworks.sh\"\n";
			showEnvVarsInLog = 0;
		};
/* End PBXShellScriptBuildPhase section */

/* Begin PBXSourcesBuildPhase section */
		E4DF01CC299183D8004E1CC6 /* Sources */ = {
			isa = PBXSourcesBuildPhase;
			buildActionMask = 2147483647;
			files = (
				E4DF0212299188E2004E1CC6 /* AuthenticationErrorViewModel.swift in Sources */,
				E4DF0253299294F1004E1CC6 /* ChatHelpView.swift in Sources */,
				E4DF0206299187BC004E1CC6 /* FirebaseAuthServiceError.swift in Sources */,
				E4CA4855299401EF00CEEA3E /* ImagePickerBefore.swift in Sources */,
				E4DF024029919C1E004E1CC6 /* User.swift in Sources */,
				E41F01AA29A6617E00CCD79C /* UserSettingsView.swift in Sources */,
				E4DF020C299188A4004E1CC6 /* HomeViewModel.swift in Sources */,
				E4CA485D2994044500CEEA3E /* ImagePickerViewController.swift in Sources */,
				E4DF0210299188C4004E1CC6 /* SignUpViewModel.swift in Sources */,
				E4DF02162991893C004E1CC6 /* HomeView.swift in Sources */,
				E4DF024C29926247004E1CC6 /* LocationService.swift in Sources */,
				E4DF02042991876E004E1CC6 /* FirebaseAuthService.swift in Sources */,
				E4E6645A299E69E0002F5A79 /* User+Extention.swift in Sources */,
				E4E66458299E691B002F5A79 /* FirestoreServiceError.swift in Sources */,
				E41F01AD29A6671B00CCD79C /* UserSettingsViewModel.swift in Sources */,
				E4DF021429918931004E1CC6 /* ContentView.swift in Sources */,
				E4DF023C29919BF4004E1CC6 /* Animal.swift in Sources */,
				E4CA485B299403F900CEEA3E /* Picker.swift in Sources */,
				E4DF01D4299183D8004E1CC6 /* PurrFinderApp.swift in Sources */,
				E41B483B29A3D6F200341687 /* ImagePicker.swift in Sources */,
				E4DF024829925F49004E1CC6 /* PostAlert.swift in Sources */,
				E4DF02092991882A004E1CC6 /* UserProfileViewModel.swift in Sources */,
				E41F01B029A67BD800CCD79C /* PetFormView.swift in Sources */,
				E4DF024E2992691A004E1CC6 /* FirestoreService.swift in Sources */,
				E4C3F83D2992BA6D0016B665 /* UserProfileView.swift in Sources */,
				E4E6645C299E6A34002F5A79 /* PostAlertDTO.swift in Sources */,
				E4DF021E29918969004E1CC6 /* AuthenticationErrorView.swift in Sources */,
				E4DF021C2991895F004E1CC6 /* SignUpView.swift in Sources */,
				E4326FB429A52DE600A1592A /* LocationViewModel.swift in Sources */,
				E4DF02552992985A004E1CC6 /* NavigationTabView.swift in Sources */,
				E4DF021A29918954004E1CC6 /* LoginView.swift in Sources */,
				E41F01B329A67E9100CCD79C /* PertFormViewModel.swift in Sources */,
				E4DF024429919C31004E1CC6 /* Notification.swift in Sources */,
				E4DF02182991894B004E1CC6 /* AlertPageView.swift in Sources */,
				E4DE139529A3D2EE0007EDD4 /* StorageService.swift in Sources */,
				E4E66456299E68F0002F5A79 /* DocumentReference+Extension.swift in Sources */,
				E4E6645E299E6AFD002F5A79 /* UserDTO.swift in Sources */,
				E4DF020E299188B4004E1CC6 /* LoginViewModel.swift in Sources */,
			);
			runOnlyForDeploymentPostprocessing = 0;
		};
		E4DF01DC299183DA004E1CC6 /* Sources */ = {
			isa = PBXSourcesBuildPhase;
			buildActionMask = 2147483647;
			files = (
				E4DF024129919C1E004E1CC6 /* User.swift in Sources */,
				E4DF01E5299183DA004E1CC6 /* PurrFinderTests.swift in Sources */,
				E4DF024529919C31004E1CC6 /* Notification.swift in Sources */,
				E4DF023D29919BF4004E1CC6 /* Animal.swift in Sources */,
			);
			runOnlyForDeploymentPostprocessing = 0;
		};
		E4DF01E6299183DA004E1CC6 /* Sources */ = {
			isa = PBXSourcesBuildPhase;
			buildActionMask = 2147483647;
			files = (
				E4DF01EF299183DA004E1CC6 /* PurrFinderUITests.swift in Sources */,
				E4DF023E29919BF4004E1CC6 /* Animal.swift in Sources */,
				E4DF024229919C1E004E1CC6 /* User.swift in Sources */,
				E4DF024629919C31004E1CC6 /* Notification.swift in Sources */,
				E4DF01F1299183DA004E1CC6 /* PurrFinderUITestsLaunchTests.swift in Sources */,
			);
			runOnlyForDeploymentPostprocessing = 0;
		};
/* End PBXSourcesBuildPhase section */

/* Begin PBXTargetDependency section */
		E4DF01E2299183DA004E1CC6 /* PBXTargetDependency */ = {
			isa = PBXTargetDependency;
			target = E4DF01CF299183D8004E1CC6 /* PurrFinder */;
			targetProxy = E4DF01E1299183DA004E1CC6 /* PBXContainerItemProxy */;
		};
		E4DF01EC299183DA004E1CC6 /* PBXTargetDependency */ = {
			isa = PBXTargetDependency;
			target = E4DF01CF299183D8004E1CC6 /* PurrFinder */;
			targetProxy = E4DF01EB299183DA004E1CC6 /* PBXContainerItemProxy */;
		};
/* End PBXTargetDependency section */

/* Begin XCBuildConfiguration section */
		E4DF01F2299183DA004E1CC6 /* Debug */ = {
			isa = XCBuildConfiguration;
			buildSettings = {
				ALWAYS_SEARCH_USER_PATHS = NO;
				CLANG_ANALYZER_NONNULL = YES;
				CLANG_ANALYZER_NUMBER_OBJECT_CONVERSION = YES_AGGRESSIVE;
				CLANG_CXX_LANGUAGE_STANDARD = "gnu++20";
				CLANG_ENABLE_MODULES = YES;
				CLANG_ENABLE_OBJC_ARC = YES;
				CLANG_ENABLE_OBJC_WEAK = YES;
				CLANG_WARN_BLOCK_CAPTURE_AUTORELEASING = YES;
				CLANG_WARN_BOOL_CONVERSION = YES;
				CLANG_WARN_COMMA = YES;
				CLANG_WARN_CONSTANT_CONVERSION = YES;
				CLANG_WARN_DEPRECATED_OBJC_IMPLEMENTATIONS = YES;
				CLANG_WARN_DIRECT_OBJC_ISA_USAGE = YES_ERROR;
				CLANG_WARN_DOCUMENTATION_COMMENTS = YES;
				CLANG_WARN_EMPTY_BODY = YES;
				CLANG_WARN_ENUM_CONVERSION = YES;
				CLANG_WARN_INFINITE_RECURSION = YES;
				CLANG_WARN_INT_CONVERSION = YES;
				CLANG_WARN_NON_LITERAL_NULL_CONVERSION = YES;
				CLANG_WARN_OBJC_IMPLICIT_RETAIN_SELF = YES;
				CLANG_WARN_OBJC_LITERAL_CONVERSION = YES;
				CLANG_WARN_OBJC_ROOT_CLASS = YES_ERROR;
				CLANG_WARN_QUOTED_INCLUDE_IN_FRAMEWORK_HEADER = YES;
				CLANG_WARN_RANGE_LOOP_ANALYSIS = YES;
				CLANG_WARN_STRICT_PROTOTYPES = YES;
				CLANG_WARN_SUSPICIOUS_MOVE = YES;
				CLANG_WARN_UNGUARDED_AVAILABILITY = YES_AGGRESSIVE;
				CLANG_WARN_UNREACHABLE_CODE = YES;
				CLANG_WARN__DUPLICATE_METHOD_MATCH = YES;
				COPY_PHASE_STRIP = NO;
				DEBUG_INFORMATION_FORMAT = dwarf;
				ENABLE_STRICT_OBJC_MSGSEND = YES;
				ENABLE_TESTABILITY = YES;
				GCC_C_LANGUAGE_STANDARD = gnu11;
				GCC_DYNAMIC_NO_PIC = NO;
				GCC_NO_COMMON_BLOCKS = YES;
				GCC_OPTIMIZATION_LEVEL = 0;
				GCC_PREPROCESSOR_DEFINITIONS = (
					"DEBUG=1",
					"$(inherited)",
				);
				GCC_WARN_64_TO_32_BIT_CONVERSION = YES;
				GCC_WARN_ABOUT_RETURN_TYPE = YES_ERROR;
				GCC_WARN_UNDECLARED_SELECTOR = YES;
				GCC_WARN_UNINITIALIZED_AUTOS = YES_AGGRESSIVE;
				GCC_WARN_UNUSED_FUNCTION = YES;
				GCC_WARN_UNUSED_VARIABLE = YES;
				IPHONEOS_DEPLOYMENT_TARGET = 16.2;
				MTL_ENABLE_DEBUG_INFO = INCLUDE_SOURCE;
				MTL_FAST_MATH = YES;
				ONLY_ACTIVE_ARCH = YES;
				SDKROOT = iphoneos;
				SWIFT_ACTIVE_COMPILATION_CONDITIONS = DEBUG;
				SWIFT_OPTIMIZATION_LEVEL = "-Onone";
			};
			name = Debug;
		};
		E4DF01F3299183DA004E1CC6 /* Release */ = {
			isa = XCBuildConfiguration;
			buildSettings = {
				ALWAYS_SEARCH_USER_PATHS = NO;
				CLANG_ANALYZER_NONNULL = YES;
				CLANG_ANALYZER_NUMBER_OBJECT_CONVERSION = YES_AGGRESSIVE;
				CLANG_CXX_LANGUAGE_STANDARD = "gnu++20";
				CLANG_ENABLE_MODULES = YES;
				CLANG_ENABLE_OBJC_ARC = YES;
				CLANG_ENABLE_OBJC_WEAK = YES;
				CLANG_WARN_BLOCK_CAPTURE_AUTORELEASING = YES;
				CLANG_WARN_BOOL_CONVERSION = YES;
				CLANG_WARN_COMMA = YES;
				CLANG_WARN_CONSTANT_CONVERSION = YES;
				CLANG_WARN_DEPRECATED_OBJC_IMPLEMENTATIONS = YES;
				CLANG_WARN_DIRECT_OBJC_ISA_USAGE = YES_ERROR;
				CLANG_WARN_DOCUMENTATION_COMMENTS = YES;
				CLANG_WARN_EMPTY_BODY = YES;
				CLANG_WARN_ENUM_CONVERSION = YES;
				CLANG_WARN_INFINITE_RECURSION = YES;
				CLANG_WARN_INT_CONVERSION = YES;
				CLANG_WARN_NON_LITERAL_NULL_CONVERSION = YES;
				CLANG_WARN_OBJC_IMPLICIT_RETAIN_SELF = YES;
				CLANG_WARN_OBJC_LITERAL_CONVERSION = YES;
				CLANG_WARN_OBJC_ROOT_CLASS = YES_ERROR;
				CLANG_WARN_QUOTED_INCLUDE_IN_FRAMEWORK_HEADER = YES;
				CLANG_WARN_RANGE_LOOP_ANALYSIS = YES;
				CLANG_WARN_STRICT_PROTOTYPES = YES;
				CLANG_WARN_SUSPICIOUS_MOVE = YES;
				CLANG_WARN_UNGUARDED_AVAILABILITY = YES_AGGRESSIVE;
				CLANG_WARN_UNREACHABLE_CODE = YES;
				CLANG_WARN__DUPLICATE_METHOD_MATCH = YES;
				COPY_PHASE_STRIP = NO;
				DEBUG_INFORMATION_FORMAT = "dwarf-with-dsym";
				ENABLE_NS_ASSERTIONS = NO;
				ENABLE_STRICT_OBJC_MSGSEND = YES;
				GCC_C_LANGUAGE_STANDARD = gnu11;
				GCC_NO_COMMON_BLOCKS = YES;
				GCC_WARN_64_TO_32_BIT_CONVERSION = YES;
				GCC_WARN_ABOUT_RETURN_TYPE = YES_ERROR;
				GCC_WARN_UNDECLARED_SELECTOR = YES;
				GCC_WARN_UNINITIALIZED_AUTOS = YES_AGGRESSIVE;
				GCC_WARN_UNUSED_FUNCTION = YES;
				GCC_WARN_UNUSED_VARIABLE = YES;
				IPHONEOS_DEPLOYMENT_TARGET = 16.2;
				MTL_ENABLE_DEBUG_INFO = NO;
				MTL_FAST_MATH = YES;
				SDKROOT = iphoneos;
				SWIFT_COMPILATION_MODE = wholemodule;
				SWIFT_OPTIMIZATION_LEVEL = "-O";
				VALIDATE_PRODUCT = YES;
			};
			name = Release;
		};
		E4DF01F5299183DA004E1CC6 /* Debug */ = {
			isa = XCBuildConfiguration;
			baseConfigurationReference = 3793E269FD2CFD9901168436 /* Pods-PurrFinder.debug.xcconfig */;
			buildSettings = {
				ASSETCATALOG_COMPILER_APPICON_NAME = AppIcon;
				ASSETCATALOG_COMPILER_GLOBAL_ACCENT_COLOR_NAME = AccentColor;
				CODE_SIGN_STYLE = Automatic;
				CURRENT_PROJECT_VERSION = 1;
				DEVELOPMENT_ASSET_PATHS = "\"PurrFinder/Preview Content\"";
				DEVELOPMENT_TEAM = BPYC96MR8N;
				ENABLE_PREVIEWS = YES;
				GENERATE_INFOPLIST_FILE = YES;
				INFOPLIST_FILE = PurrFinder/Info.plist;
				INFOPLIST_KEY_NSLocationAlwaysAndWhenInUseUsageDescription = "This app need access to your location to identify where your pet has strayed and receive notifications from other users in the area.";
				INFOPLIST_KEY_NSLocationWhenInUseUsageDescription = "This app need access to your location to identify where your pet has strayed and receive notifications from other users in the area.";
				INFOPLIST_KEY_NSPhotoLibraryUsageDescription = "This app needs access to your photo library to choose a photo to display.";
				INFOPLIST_KEY_UIApplicationSceneManifest_Generation = YES;
				INFOPLIST_KEY_UIApplicationSupportsIndirectInputEvents = YES;
				INFOPLIST_KEY_UILaunchScreen_Generation = YES;
				INFOPLIST_KEY_UISupportedInterfaceOrientations_iPad = "UIInterfaceOrientationPortrait UIInterfaceOrientationPortraitUpsideDown UIInterfaceOrientationLandscapeLeft UIInterfaceOrientationLandscapeRight";
				INFOPLIST_KEY_UISupportedInterfaceOrientations_iPhone = "UIInterfaceOrientationPortrait UIInterfaceOrientationLandscapeLeft UIInterfaceOrientationLandscapeRight";
				IPHONEOS_DEPLOYMENT_TARGET = 15.6;
				LD_RUNPATH_SEARCH_PATHS = (
					"$(inherited)",
					"@executable_path/Frameworks",
				);
				MARKETING_VERSION = 1.0;
				PRODUCT_BUNDLE_IDENTIFIER = com.yannrzd.PurrFinder;
				PRODUCT_NAME = "$(TARGET_NAME)";
				SWIFT_EMIT_LOC_STRINGS = YES;
				SWIFT_VERSION = 5.0;
				TARGETED_DEVICE_FAMILY = "1,2";
			};
			name = Debug;
		};
		E4DF01F6299183DA004E1CC6 /* Release */ = {
			isa = XCBuildConfiguration;
			baseConfigurationReference = 197FC3FB31593D2BD08716CB /* Pods-PurrFinder.release.xcconfig */;
			buildSettings = {
				ASSETCATALOG_COMPILER_APPICON_NAME = AppIcon;
				ASSETCATALOG_COMPILER_GLOBAL_ACCENT_COLOR_NAME = AccentColor;
				CODE_SIGN_STYLE = Automatic;
				CURRENT_PROJECT_VERSION = 1;
				DEVELOPMENT_ASSET_PATHS = "\"PurrFinder/Preview Content\"";
				DEVELOPMENT_TEAM = BPYC96MR8N;
				ENABLE_PREVIEWS = YES;
				GENERATE_INFOPLIST_FILE = YES;
				INFOPLIST_FILE = PurrFinder/Info.plist;
				INFOPLIST_KEY_NSLocationAlwaysAndWhenInUseUsageDescription = "This app need access to your location to identify where your pet has strayed and receive notifications from other users in the area.";
				INFOPLIST_KEY_NSLocationWhenInUseUsageDescription = "This app need access to your location to identify where your pet has strayed and receive notifications from other users in the area.";
				INFOPLIST_KEY_NSPhotoLibraryUsageDescription = "This app needs access to your photo library to choose a photo to display.";
				INFOPLIST_KEY_UIApplicationSceneManifest_Generation = YES;
				INFOPLIST_KEY_UIApplicationSupportsIndirectInputEvents = YES;
				INFOPLIST_KEY_UILaunchScreen_Generation = YES;
				INFOPLIST_KEY_UISupportedInterfaceOrientations_iPad = "UIInterfaceOrientationPortrait UIInterfaceOrientationPortraitUpsideDown UIInterfaceOrientationLandscapeLeft UIInterfaceOrientationLandscapeRight";
				INFOPLIST_KEY_UISupportedInterfaceOrientations_iPhone = "UIInterfaceOrientationPortrait UIInterfaceOrientationLandscapeLeft UIInterfaceOrientationLandscapeRight";
				IPHONEOS_DEPLOYMENT_TARGET = 15.6;
				LD_RUNPATH_SEARCH_PATHS = (
					"$(inherited)",
					"@executable_path/Frameworks",
				);
				MARKETING_VERSION = 1.0;
				PRODUCT_BUNDLE_IDENTIFIER = com.yannrzd.PurrFinder;
				PRODUCT_NAME = "$(TARGET_NAME)";
				SWIFT_EMIT_LOC_STRINGS = YES;
				SWIFT_VERSION = 5.0;
				TARGETED_DEVICE_FAMILY = "1,2";
			};
			name = Release;
		};
		E4DF01F8299183DA004E1CC6 /* Debug */ = {
			isa = XCBuildConfiguration;
			baseConfigurationReference = 70394FF88E012F307E24185B /* Pods-PurrFinderTests.debug.xcconfig */;
			buildSettings = {
				ALWAYS_EMBED_SWIFT_STANDARD_LIBRARIES = YES;
				BUNDLE_LOADER = "$(TEST_HOST)";
				CODE_SIGN_STYLE = Automatic;
				CURRENT_PROJECT_VERSION = 1;
				DEVELOPMENT_TEAM = BPYC96MR8N;
				GENERATE_INFOPLIST_FILE = YES;
				IPHONEOS_DEPLOYMENT_TARGET = 16.2;
				MARKETING_VERSION = 1.0;
				PRODUCT_BUNDLE_IDENTIFIER = com.yannrzd.PurrFinderTests;
				PRODUCT_NAME = "$(TARGET_NAME)";
				SWIFT_EMIT_LOC_STRINGS = NO;
				SWIFT_VERSION = 5.0;
				TARGETED_DEVICE_FAMILY = "1,2";
				TEST_HOST = "$(BUILT_PRODUCTS_DIR)/PurrFinder.app/$(BUNDLE_EXECUTABLE_FOLDER_PATH)/PurrFinder";
			};
			name = Debug;
		};
		E4DF01F9299183DA004E1CC6 /* Release */ = {
			isa = XCBuildConfiguration;
			baseConfigurationReference = FBEAC6C55D88B2FBB92A7504 /* Pods-PurrFinderTests.release.xcconfig */;
			buildSettings = {
				ALWAYS_EMBED_SWIFT_STANDARD_LIBRARIES = YES;
				BUNDLE_LOADER = "$(TEST_HOST)";
				CODE_SIGN_STYLE = Automatic;
				CURRENT_PROJECT_VERSION = 1;
				DEVELOPMENT_TEAM = BPYC96MR8N;
				GENERATE_INFOPLIST_FILE = YES;
				IPHONEOS_DEPLOYMENT_TARGET = 16.2;
				MARKETING_VERSION = 1.0;
				PRODUCT_BUNDLE_IDENTIFIER = com.yannrzd.PurrFinderTests;
				PRODUCT_NAME = "$(TARGET_NAME)";
				SWIFT_EMIT_LOC_STRINGS = NO;
				SWIFT_VERSION = 5.0;
				TARGETED_DEVICE_FAMILY = "1,2";
				TEST_HOST = "$(BUILT_PRODUCTS_DIR)/PurrFinder.app/$(BUNDLE_EXECUTABLE_FOLDER_PATH)/PurrFinder";
			};
			name = Release;
		};
		E4DF01FB299183DA004E1CC6 /* Debug */ = {
			isa = XCBuildConfiguration;
			baseConfigurationReference = ED85E18E40A3E48A74270C11 /* Pods-PurrFinder-PurrFinderUITests.debug.xcconfig */;
			buildSettings = {
				ALWAYS_EMBED_SWIFT_STANDARD_LIBRARIES = YES;
				CODE_SIGN_STYLE = Automatic;
				CURRENT_PROJECT_VERSION = 1;
				DEVELOPMENT_TEAM = BPYC96MR8N;
				GENERATE_INFOPLIST_FILE = YES;
				MARKETING_VERSION = 1.0;
				PRODUCT_BUNDLE_IDENTIFIER = com.yannrzd.PurrFinderUITests;
				PRODUCT_NAME = "$(TARGET_NAME)";
				SWIFT_EMIT_LOC_STRINGS = NO;
				SWIFT_VERSION = 5.0;
				TARGETED_DEVICE_FAMILY = "1,2";
				TEST_TARGET_NAME = PurrFinder;
			};
			name = Debug;
		};
		E4DF01FC299183DA004E1CC6 /* Release */ = {
			isa = XCBuildConfiguration;
			baseConfigurationReference = B8BE430F82A33E5AB93306A5 /* Pods-PurrFinder-PurrFinderUITests.release.xcconfig */;
			buildSettings = {
				ALWAYS_EMBED_SWIFT_STANDARD_LIBRARIES = YES;
				CODE_SIGN_STYLE = Automatic;
				CURRENT_PROJECT_VERSION = 1;
				DEVELOPMENT_TEAM = BPYC96MR8N;
				GENERATE_INFOPLIST_FILE = YES;
				MARKETING_VERSION = 1.0;
				PRODUCT_BUNDLE_IDENTIFIER = com.yannrzd.PurrFinderUITests;
				PRODUCT_NAME = "$(TARGET_NAME)";
				SWIFT_EMIT_LOC_STRINGS = NO;
				SWIFT_VERSION = 5.0;
				TARGETED_DEVICE_FAMILY = "1,2";
				TEST_TARGET_NAME = PurrFinder;
			};
			name = Release;
		};
/* End XCBuildConfiguration section */

/* Begin XCConfigurationList section */
		E4DF01CB299183D8004E1CC6 /* Build configuration list for PBXProject "PurrFinder" */ = {
			isa = XCConfigurationList;
			buildConfigurations = (
				E4DF01F2299183DA004E1CC6 /* Debug */,
				E4DF01F3299183DA004E1CC6 /* Release */,
			);
			defaultConfigurationIsVisible = 0;
			defaultConfigurationName = Release;
		};
		E4DF01F4299183DA004E1CC6 /* Build configuration list for PBXNativeTarget "PurrFinder" */ = {
			isa = XCConfigurationList;
			buildConfigurations = (
				E4DF01F5299183DA004E1CC6 /* Debug */,
				E4DF01F6299183DA004E1CC6 /* Release */,
			);
			defaultConfigurationIsVisible = 0;
			defaultConfigurationName = Release;
		};
		E4DF01F7299183DA004E1CC6 /* Build configuration list for PBXNativeTarget "PurrFinderTests" */ = {
			isa = XCConfigurationList;
			buildConfigurations = (
				E4DF01F8299183DA004E1CC6 /* Debug */,
				E4DF01F9299183DA004E1CC6 /* Release */,
			);
			defaultConfigurationIsVisible = 0;
			defaultConfigurationName = Release;
		};
		E4DF01FA299183DA004E1CC6 /* Build configuration list for PBXNativeTarget "PurrFinderUITests" */ = {
			isa = XCConfigurationList;
			buildConfigurations = (
				E4DF01FB299183DA004E1CC6 /* Debug */,
				E4DF01FC299183DA004E1CC6 /* Release */,
			);
			defaultConfigurationIsVisible = 0;
			defaultConfigurationName = Release;
		};
/* End XCConfigurationList section */
	};
	rootObject = E4DF01C8299183D8004E1CC6 /* Project object */;
}
